PODS:
  - AppCenter/Analytics (1.10.0):
    - AppCenter/Core
  - AppCenter/Core (1.10.0)
  - AppCenter/Crashes (1.10.0):
    - AppCenter/Core
  - AppCenterReactNativeShared (1.9.0):
    - AppCenter/Core (= 1.10.0)
  - Crashlytics (3.11.1):
    - Fabric (~> 1.8.1)
  - DCTAuth (3.0)
  - Fabric (1.8.2)
  - Firebase/Core (5.12.0):
    - Firebase/CoreOnly
    - FirebaseAnalytics (= 5.3.0)
  - Firebase/CoreOnly (5.12.0):
    - FirebaseCore (= 5.1.7)
  - Firebase/Performance (5.12.0):
    - Firebase/Core
    - FirebasePerformance (= 2.2.1)
  - FirebaseABTesting (2.0.0):
    - FirebaseCore (~> 5.0)
    - Protobuf (~> 3.5)
  - FirebaseAnalytics (5.3.0):
    - FirebaseCore (~> 5.1)
    - FirebaseInstanceID (~> 3.3)
    - GoogleAppMeasurement (~> 5.3)
    - GoogleUtilities/AppDelegateSwizzler (~> 5.2)
    - GoogleUtilities/MethodSwizzler (~> 5.2)
    - GoogleUtilities/Network (~> 5.2)
    - "GoogleUtilities/NSData+zlib (~> 5.2)"
    - nanopb (~> 0.3)
  - FirebaseCore (5.1.7):
    - GoogleUtilities/Logger (~> 5.2)
  - FirebaseInstanceID (3.3.0):
    - FirebaseCore (~> 5.1)
    - GoogleUtilities/Environment (~> 5.3)
    - GoogleUtilities/UserDefaults (~> 5.3)
  - FirebasePerformance (2.2.1):
    - FirebaseAnalytics (~> 5.3)
    - FirebaseInstanceID (~> 3.3)
    - FirebaseRemoteConfig (~> 3.1)
    - GoogleToolboxForMac/Logger (~> 2.1)
    - "GoogleToolboxForMac/NSData+zlib (~> 2.1)"
    - GoogleUtilities/ISASwizzler (~> 5.2)
    - GoogleUtilities/MethodSwizzler (~> 5.2)
    - GTMSessionFetcher/Core (~> 1.1)
    - Protobuf (~> 3.5)
  - FirebaseRemoteConfig (3.1.0):
    - FirebaseABTesting (~> 2.0)
    - FirebaseAnalytics (~> 5.3)
    - FirebaseCore (~> 5.1)
    - FirebaseInstanceID (~> 3.3)
    - GoogleUtilities/Environment (~> 5.2)
    - "GoogleUtilities/NSData+zlib (~> 5.2)"
    - Protobuf (~> 3.5)
  - GoogleAppMeasurement (5.3.0):
    - GoogleUtilities/AppDelegateSwizzler (~> 5.2)
    - GoogleUtilities/MethodSwizzler (~> 5.2)
    - GoogleUtilities/Network (~> 5.2)
    - "GoogleUtilities/NSData+zlib (~> 5.2)"
    - nanopb (~> 0.3)
  - GoogleSignIn (4.3.0):
    - "GoogleToolboxForMac/NSDictionary+URLArguments (~> 2.1)"
    - "GoogleToolboxForMac/NSString+URLArguments (~> 2.1)"
    - GTMOAuth2 (~> 1.0)
    - GTMSessionFetcher/Core (~> 1.1)
  - GoogleToolboxForMac/DebugUtils (2.1.4):
    - GoogleToolboxForMac/Defines (= 2.1.4)
  - GoogleToolboxForMac/Defines (2.1.4)
  - GoogleToolboxForMac/Logger (2.1.4):
    - GoogleToolboxForMac/Defines (= 2.1.4)
  - "GoogleToolboxForMac/NSData+zlib (2.1.4)":
    - GoogleToolboxForMac/Defines (= 2.1.4)
  - "GoogleToolboxForMac/NSDictionary+URLArguments (2.1.4)":
    - GoogleToolboxForMac/DebugUtils (= 2.1.4)
    - GoogleToolboxForMac/Defines (= 2.1.4)
    - "GoogleToolboxForMac/NSString+URLArguments (= 2.1.4)"
  - "GoogleToolboxForMac/NSString+URLArguments (2.1.4)"
  - GoogleUtilities/AppDelegateSwizzler (5.3.4):
    - GoogleUtilities/Environment
    - GoogleUtilities/Logger
    - GoogleUtilities/Network
  - GoogleUtilities/Environment (5.3.4)
  - GoogleUtilities/ISASwizzler (5.3.4)
  - GoogleUtilities/Logger (5.3.4):
    - GoogleUtilities/Environment
  - GoogleUtilities/MethodSwizzler (5.3.4):
    - GoogleUtilities/Logger
  - GoogleUtilities/Network (5.3.4):
    - GoogleUtilities/Logger
    - "GoogleUtilities/NSData+zlib"
    - GoogleUtilities/Reachability
  - "GoogleUtilities/NSData+zlib (5.3.4)"
  - GoogleUtilities/Reachability (5.3.4):
    - GoogleUtilities/Logger
  - GoogleUtilities/UserDefaults (5.3.4):
    - GoogleUtilities/Logger
  - GTMOAuth2 (1.1.6):
    - GTMSessionFetcher (~> 1.1)
  - GTMSessionFetcher (1.2.0):
    - GTMSessionFetcher/Full (= 1.2.0)
  - GTMSessionFetcher/Core (1.2.0)
  - GTMSessionFetcher/Full (1.2.0):
    - GTMSessionFetcher/Core (= 1.2.0)
  - nanopb (0.3.901):
    - nanopb/decode (= 0.3.901)
    - nanopb/encode (= 0.3.901)
  - nanopb/decode (0.3.901)
  - nanopb/encode (0.3.901)
  - Protobuf (3.6.1)

DEPENDENCIES:
  - AppCenter/Analytics (~> 1.10.0)
  - AppCenter/Crashes (~> 1.10.0)
  - AppCenterReactNativeShared (~> 1.9.0)
  - Crashlytics
  - DCTAuth (from `https://github.com/danielctull/DCTAuth.git`)
  - Fabric
  - Firebase/Core
  - Firebase/Performance
  - GoogleSignIn

SPEC REPOS:
  https://github.com/cocoapods/specs.git:
    - AppCenter
    - AppCenterReactNativeShared
    - Crashlytics
    - Fabric
    - Firebase
    - FirebaseABTesting
    - FirebaseAnalytics
    - FirebaseCore
    - FirebaseInstanceID
    - FirebasePerformance
    - FirebaseRemoteConfig
    - GoogleAppMeasurement
    - GoogleSignIn
    - GoogleToolboxForMac
    - GoogleUtilities
    - GTMOAuth2
    - GTMSessionFetcher
    - nanopb
    - Protobuf

EXTERNAL SOURCES:
  DCTAuth:
    :git: https://github.com/danielctull/DCTAuth.git

CHECKOUT OPTIONS:
  DCTAuth:
    :commit: 0a8091a3fc165fb99a6f70cf15b3aed25252dad9
    :git: https://github.com/danielctull/DCTAuth.git

SPEC CHECKSUMS:
  AppCenter: 2d196f6547d274ab86836f9082cfdbd3d397e7b6
  AppCenterReactNativeShared: a4bf64d2fae919fc0b235fe47a02ef9ddd3a0011
  Crashlytics: ca7ab4bc304aa216bdc2e4c1a96389ee77252203
  DCTAuth: 8add154decd00335d62917828896bba790ce47fd
  Fabric: d2b22f443ba195d8a7cc204da230977c72733b40
  Firebase: 9190018e296139d938b99521cde0c15a6e8d2946
  FirebaseABTesting: 1f50b8d50f5e3469eea54e7463a7b7fe221d1f5e
  FirebaseAnalytics: 63202d2665de4e6adcbdce189135255d8b5962ba
  FirebaseCore: 027d350adc039aa5483357c6f56556f117c5170e
  FirebaseInstanceID: e2fa4cb35ef5558c200f7f0ad8a53e212215f93e
  FirebasePerformance: 071ef097e7fb2d4f2f27fac1d4ed72ae3dd737d7
  FirebaseRemoteConfig: 7e11c65f0769c09bff6947997c209515058c5318
  GoogleAppMeasurement: 5029d78f2b438bd30ffb44e6c558b57c21622727
  GoogleSignIn: 11183592dc63e105475c7305a325045ff95e02b7
  GoogleToolboxForMac: 91c824d21e85b31c2aae9bb011c5027c9b4e738f
  GoogleUtilities: abb092d2c12e817fa3e0e7b274987dd72fb86ec3
  GTMOAuth2: c77fe325e4acd453837e72d91e3b5f13116857b2
  GTMSessionFetcher: 0c4baf0a73acd0041bf9f71ea018deedab5ea84e
  nanopb: 2901f78ea1b7b4015c860c2fdd1ea2fee1a18d48
  Protobuf: 1eb9700044745f00181c136ef21b8ff3ad5a0fd5

PODFILE CHECKSUM: 8ec312ec7f37433a9d29b5b410b8842a3b3973e6

COCOAPODS: 1.5.3
