PODS:
  - AppCenter/Analytics (1.11.0):
    - AppCenter/Core
  - AppCenter/Core (1.11.0)
  - AppCenter/Crashes (1.11.0):
    - AppCenter/Core
  - AppCenterReactNativeShared (1.10.0):
    - AppCenter/Core (= 1.11.0)
  - Crashlytics (3.12.0):
    - Fabric (~> 1.9.0)
  - DCTAuth (3.0)
  - Fabric (1.9.0)
  - Firebase/Core (5.14.0):
    - Firebase/CoreOnly
    - FirebaseAnalytics (= 5.4.0)
  - Firebase/CoreOnly (5.14.0):
    - FirebaseCore (= 5.1.9)
  - Firebase/Performance (5.14.0):
    - Firebase/Core
    - FirebasePerformance (= 2.2.1)
  - FirebaseABTesting (2.0.0):
    - FirebaseCore (~> 5.0)
    - Protobuf (~> 3.5)
  - FirebaseAnalytics (5.4.0):
    - FirebaseCore (~> 5.1)
    - FirebaseInstanceID (~> 3.3)
    - GoogleAppMeasurement (= 5.4.0)
    - GoogleUtilities/AppDelegateSwizzler (~> 5.2)
    - GoogleUtilities/MethodSwizzler (~> 5.2)
    - GoogleUtilities/Network (~> 5.2)
    - "GoogleUtilities/NSData+zlib (~> 5.2)"
    - nanopb (~> 0.3)
  - FirebaseCore (5.1.9):
    - GoogleUtilities/Logger (~> 5.2)
  - FirebaseInstanceID (3.3.0):
    - FirebaseCore (~> 5.1)
    - GoogleUtilities/Environment (~> 5.3)
    - GoogleUtilities/UserDefaults (~> 5.3)
  - FirebasePerformance (2.2.1):
    - FirebaseAnalytics (~> 5.3)
    - FirebaseInstanceID (~> 3.3)
    - FirebaseRemoteConfig (~> 3.1)
    - GoogleToolboxForMac/Logger (~> 2.1)
    - "GoogleToolboxForMac/NSData+zlib (~> 2.1)"
    - GoogleUtilities/ISASwizzler (~> 5.2)
    - GoogleUtilities/MethodSwizzler (~> 5.2)
    - GTMSessionFetcher/Core (~> 1.1)
    - Protobuf (~> 3.5)
  - FirebaseRemoteConfig (3.1.0):
    - FirebaseABTesting (~> 2.0)
    - FirebaseAnalytics (~> 5.3)
    - FirebaseCore (~> 5.1)
    - FirebaseInstanceID (~> 3.3)
    - GoogleUtilities/Environment (~> 5.2)
    - "GoogleUtilities/NSData+zlib (~> 5.2)"
    - Protobuf (~> 3.5)
  - GoogleAppMeasurement (5.4.0):
    - GoogleUtilities/AppDelegateSwizzler (~> 5.2)
    - GoogleUtilities/MethodSwizzler (~> 5.2)
    - GoogleUtilities/Network (~> 5.2)
    - "GoogleUtilities/NSData+zlib (~> 5.2)"
    - nanopb (~> 0.3)
  - GoogleSignIn (4.4.0):
    - "GoogleToolboxForMac/NSDictionary+URLArguments (~> 2.1)"
    - "GoogleToolboxForMac/NSString+URLArguments (~> 2.1)"
    - GTMSessionFetcher/Core (~> 1.1)
  - GoogleToolboxForMac/DebugUtils (2.2.0):
    - GoogleToolboxForMac/Defines (= 2.2.0)
  - GoogleToolboxForMac/Defines (2.2.0)
  - GoogleToolboxForMac/Logger (2.2.0):
    - GoogleToolboxForMac/Defines (= 2.2.0)
  - "GoogleToolboxForMac/NSData+zlib (2.2.0)":
    - GoogleToolboxForMac/Defines (= 2.2.0)
  - "GoogleToolboxForMac/NSDictionary+URLArguments (2.2.0)":
    - GoogleToolboxForMac/DebugUtils (= 2.2.0)
    - GoogleToolboxForMac/Defines (= 2.2.0)
    - "GoogleToolboxForMac/NSString+URLArguments (= 2.2.0)"
  - "GoogleToolboxForMac/NSString+URLArguments (2.2.0)"
  - GoogleUtilities/AppDelegateSwizzler (5.3.6):
    - GoogleUtilities/Environment
    - GoogleUtilities/Logger
    - GoogleUtilities/Network
  - GoogleUtilities/Environment (5.3.6)
  - GoogleUtilities/ISASwizzler (5.3.6)
  - GoogleUtilities/Logger (5.3.6):
    - GoogleUtilities/Environment
  - GoogleUtilities/MethodSwizzler (5.3.6):
    - GoogleUtilities/Logger
  - GoogleUtilities/Network (5.3.6):
    - GoogleUtilities/Logger
    - "GoogleUtilities/NSData+zlib"
    - GoogleUtilities/Reachability
  - "GoogleUtilities/NSData+zlib (5.3.6)"
  - GoogleUtilities/Reachability (5.3.6):
    - GoogleUtilities/Logger
  - GoogleUtilities/UserDefaults (5.3.6):
    - GoogleUtilities/Logger
  - GTMSessionFetcher/Core (1.2.1)
  - nanopb (0.3.901):
    - nanopb/decode (= 0.3.901)
    - nanopb/encode (= 0.3.901)
  - nanopb/decode (0.3.901)
  - nanopb/encode (0.3.901)
  - Protobuf (3.6.1)

DEPENDENCIES:
  - AppCenter/Analytics (~> 1.11.0)
  - AppCenter/Crashes (~> 1.11.0)
  - AppCenterReactNativeShared (~> 1.10.0)
  - Crashlytics (~> 3.12.0)
  - DCTAuth (from `https://github.com/danielctull/DCTAuth.git`)
  - Fabric (~> 1.9.0)
  - Firebase/Core
  - Firebase/Performance
  - GoogleSignIn (~> 4.4.0)

SPEC REPOS:
  https://github.com/cocoapods/specs.git:
    - AppCenter
    - AppCenterReactNativeShared
    - Crashlytics
    - Fabric
    - Firebase
    - FirebaseABTesting
    - FirebaseAnalytics
    - FirebaseCore
    - FirebaseInstanceID
    - FirebasePerformance
    - FirebaseRemoteConfig
    - GoogleAppMeasurement
    - GoogleSignIn
    - GoogleToolboxForMac
    - GoogleUtilities
    - GTMSessionFetcher
    - nanopb
    - Protobuf

EXTERNAL SOURCES:
  DCTAuth:
    :git: https://github.com/danielctull/DCTAuth.git

CHECKOUT OPTIONS:
  DCTAuth:
    :commit: 0a8091a3fc165fb99a6f70cf15b3aed25252dad9
    :git: https://github.com/danielctull/DCTAuth.git

SPEC CHECKSUMS:
  AppCenter: 3bccf8d733e337d0db574dd4cb0e33ab9637b7f2
  AppCenterReactNativeShared: a77b000c2ac6dc2e44472621d7d0770f196e5822
  Crashlytics: 07fb167b1694128c1c9a5a5cc319b0e9c3ca0933
  DCTAuth: 8add154decd00335d62917828896bba790ce47fd
  Fabric: f988e33c97f08930a413e08123064d2e5f68d655
  Firebase: 963d5685fae888a56d6d4d9cfce6b9c976958798
  FirebaseABTesting: 1f50b8d50f5e3469eea54e7463a7b7fe221d1f5e
  FirebaseAnalytics: c06f9d70577d79074214700a71fd5d39de5550fb
  FirebaseCore: 8f49b70f57ab5cbb032ef41d64992ded21606459
  FirebaseInstanceID: e2fa4cb35ef5558c200f7f0ad8a53e212215f93e
  FirebasePerformance: 071ef097e7fb2d4f2f27fac1d4ed72ae3dd737d7
  FirebaseRemoteConfig: 7e11c65f0769c09bff6947997c209515058c5318
  GoogleAppMeasurement: 98b71f5e04142793729a5ef23e5b96651ff4b70f
  GoogleSignIn: 7ff245e1a7b26d379099d3243a562f5747e23d39
  GoogleToolboxForMac: ff31605b7d66400dcec09bed5861689aebadda4d
  GoogleUtilities: 95996bea7c7d9b8fb811b7507669a4a8762f80c7
  GTMSessionFetcher: 32aeca0aa144acea523e1c8e053089dec2cb98ca
  nanopb: 2901f78ea1b7b4015c860c2fdd1ea2fee1a18d48
  Protobuf: 1eb9700044745f00181c136ef21b8ff3ad5a0fd5

PODFILE CHECKSUM: 0bb98c042916a930933782f3c08662d967479a01

COCOAPODS: 1.6.0.beta.2
